
Microsoft Visual Studio Solution File, Format Version 12.00
# Visual Studio 15
VisualStudioVersion = 15.0.28307.539
MinimumVisualStudioVersion = 10.0.40219.1
Project("{9A19103F-16F7-4668-BE54-9A1E7A4F7556}") = "Bing.Pdm", "src\Bing.Pdm\Bing.Pdm.csproj", "{BDE05E24-BEA8-4CEA-B6FF-724E7EFEF15C}"
EndProject
Project("{9A19103F-16F7-4668-BE54-9A1E7A4F7556}") = "Bing.Pdm.Tests", "tests\Bing.Pdm.Tests\Bing.Pdm.Tests.csproj", "{D0FB0282-4C6C-4A15-868D-D09988BB3E4B}"
EndProject
Project("{FAE04EC0-301F-11D3-BF4B-00C04F79EFBC}") = "Bing.PdmGenerateDemo", "samples\Bing.PdmGenerateDemo\Bing.PdmGenerateDemo.csproj", "{064B009C-818E-4C8C-AA07-7AAB9AC9E768}"
EndProject
Global
	GlobalSection(SolutionConfigurationPlatforms) = preSolution
		Debug|Any CPU = Debug|Any CPU
		Release|Any CPU = Release|Any CPU
	EndGlobalSection
	GlobalSection(ProjectConfigurationPlatforms) = postSolution
		{BDE05E24-BEA8-4CEA-B6FF-724E7EFEF15C}.Debug|Any CPU.ActiveCfg = Debug|Any CPU
		{BDE05E24-BEA8-4CEA-B6FF-724E7EFEF15C}.Debug|Any CPU.Build.0 = Debug|Any CPU
		{BDE05E24-BEA8-4CEA-B6FF-724E7EFEF15C}.Release|Any CPU.ActiveCfg = Release|Any CPU
		{BDE05E24-BEA8-4CEA-B6FF-724E7EFEF15C}.Release|Any CPU.Build.0 = Release|Any CPU
		{D0FB0282-4C6C-4A15-868D-D09988BB3E4B}.Debug|Any CPU.ActiveCfg = Debug|Any CPU
		{D0FB0282-4C6C-4A15-868D-D09988BB3E4B}.Debug|Any CPU.Build.0 = Debug|Any CPU
		{D0FB0282-4C6C-4A15-868D-D09988BB3E4B}.Release|Any CPU.ActiveCfg = Release|Any CPU
		{D0FB0282-4C6C-4A15-868D-D09988BB3E4B}.Release|Any CPU.Build.0 = Release|Any CPU
		{064B009C-818E-4C8C-AA07-7AAB9AC9E768}.Debug|Any CPU.ActiveCfg = Debug|Any CPU
		{064B009C-818E-4C8C-AA07-7AAB9AC9E768}.Debug|Any CPU.Build.0 = Debug|Any CPU
		{064B009C-818E-4C8C-AA07-7AAB9AC9E768}.Release|Any CPU.ActiveCfg = Release|Any CPU
		{064B009C-818E-4C8C-AA07-7AAB9AC9E768}.Release|Any CPU.Build.0 = Release|Any CPU
	EndGlobalSection
	GlobalSection(SolutionProperties) = preSolution
		HideSolutionNode = FALSE
	EndGlobalSection
	GlobalSection(ExtensibilityGlobals) = postSolution
		SolutionGuid = {A5E8A510-ED70-47BF-86F9-A57E8F7E536E}
	EndGlobalSection
EndGlobal
